
Microsoft Visual Studio Solution File, Format Version 12.00
# Visual Studio Version 16
VisualStudioVersion = 16.0.32901.82
MinimumVisualStudioVersion = 10.0.40219.1
Project("{FAE04EC0-301F-11D3-BF4B-00C04F79EFBC}") = "For-While-DoWhile-Numbers", "For-While-DoWhile-Numbers.csproj", "{E6D58A4C-C58F-4473-A389-B4B5F81A3D84}"
EndProject
Global
	GlobalSection(SolutionConfigurationPlatforms) = preSolution
		Debug|Any CPU = Debug|Any CPU
		Release|Any CPU = Release|Any CPU
	EndGlobalSection
	GlobalSection(ProjectConfigurationPlatforms) = postSolution
		{E6D58A4C-C58F-4473-A389-B4B5F81A3D84}.Debug|Any CPU.ActiveCfg = Debug|Any CPU
		{E6D58A4C-C58F-4473-A389-B4B5F81A3D84}.Debug|Any CPU.Build.0 = Debug|Any CPU
		{E6D58A4C-C58F-4473-A389-B4B5F81A3D84}.Release|Any CPU.ActiveCfg = Release|Any CPU
		{E6D58A4C-C58F-4473-A389-B4B5F81A3D84}.Release|Any CPU.Build.0 = Release|Any CPU
	EndGlobalSection
	GlobalSection(SolutionProperties) = preSolution
		HideSolutionNode = FALSE
	EndGlobalSection
	GlobalSection(ExtensibilityGlobals) = postSolution
		SolutionGuid = {BC940DCE-6500-4009-BC08-6A385EFED988}
	EndGlobalSection
EndGlobal
