
Microsoft Visual Studio Solution File, Format Version 12.00
# Visual Studio Version 16
VisualStudioVersion = 16.0.32901.82
MinimumVisualStudioVersion = 10.0.40219.1
Project("{FAE04EC0-301F-11D3-BF4B-00C04F79EFBC}") = "WriteLine", "WriteLine.csproj", "{5F5D0ACC-791E-4FC4-B880-F6B13C9B43F6}"
EndProject
Global
	GlobalSection(SolutionConfigurationPlatforms) = preSolution
		Debug|Any CPU = Debug|Any CPU
		Release|Any CPU = Release|Any CPU
	EndGlobalSection
	GlobalSection(ProjectConfigurationPlatforms) = postSolution
		{5F5D0ACC-791E-4FC4-B880-F6B13C9B43F6}.Debug|Any CPU.ActiveCfg = Debug|Any CPU
		{5F5D0ACC-791E-4FC4-B880-F6B13C9B43F6}.Debug|Any CPU.Build.0 = Debug|Any CPU
		{5F5D0ACC-791E-4FC4-B880-F6B13C9B43F6}.Release|Any CPU.ActiveCfg = Release|Any CPU
		{5F5D0ACC-791E-4FC4-B880-F6B13C9B43F6}.Release|Any CPU.Build.0 = Release|Any CPU
	EndGlobalSection
	GlobalSection(SolutionProperties) = preSolution
		HideSolutionNode = FALSE
	EndGlobalSection
	GlobalSection(ExtensibilityGlobals) = postSolution
		SolutionGuid = {A2B5345C-E01B-4AE2-9356-B6D14F2C4C71}
	EndGlobalSection
EndGlobal
