
Microsoft Visual Studio Solution File, Format Version 12.00
# Visual Studio Version 16
VisualStudioVersion = 16.0.32901.82
MinimumVisualStudioVersion = 10.0.40219.1
Project("{FAE04EC0-301F-11D3-BF4B-00C04F79EFBC}") = "Stopwatch-Use", "Stopwatch-Use.csproj", "{BDE90317-4765-4D8F-8A8C-7447D6E189CC}"
EndProject
Global
	GlobalSection(SolutionConfigurationPlatforms) = preSolution
		Debug|Any CPU = Debug|Any CPU
		Release|Any CPU = Release|Any CPU
	EndGlobalSection
	GlobalSection(ProjectConfigurationPlatforms) = postSolution
		{BDE90317-4765-4D8F-8A8C-7447D6E189CC}.Debug|Any CPU.ActiveCfg = Debug|Any CPU
		{BDE90317-4765-4D8F-8A8C-7447D6E189CC}.Debug|Any CPU.Build.0 = Debug|Any CPU
		{BDE90317-4765-4D8F-8A8C-7447D6E189CC}.Release|Any CPU.ActiveCfg = Release|Any CPU
		{BDE90317-4765-4D8F-8A8C-7447D6E189CC}.Release|Any CPU.Build.0 = Release|Any CPU
	EndGlobalSection
	GlobalSection(SolutionProperties) = preSolution
		HideSolutionNode = FALSE
	EndGlobalSection
	GlobalSection(ExtensibilityGlobals) = postSolution
		SolutionGuid = {06EE3B8B-C128-4B79-A21E-CEE627474811}
	EndGlobalSection
EndGlobal
