
Microsoft Visual Studio Solution File, Format Version 12.00
# Visual Studio Version 16
VisualStudioVersion = 16.0.32901.82
MinimumVisualStudioVersion = 10.0.40219.1
Project("{FAE04EC0-301F-11D3-BF4B-00C04F79EFBC}") = "While-ConsoleScreenDesign", "While-ConsoleScreenDesign.csproj", "{8393D1AA-5A75-4A3D-86A6-2201D9B8629A}"
EndProject
Global
	GlobalSection(SolutionConfigurationPlatforms) = preSolution
		Debug|Any CPU = Debug|Any CPU
		Release|Any CPU = Release|Any CPU
	EndGlobalSection
	GlobalSection(ProjectConfigurationPlatforms) = postSolution
		{8393D1AA-5A75-4A3D-86A6-2201D9B8629A}.Debug|Any CPU.ActiveCfg = Debug|Any CPU
		{8393D1AA-5A75-4A3D-86A6-2201D9B8629A}.Debug|Any CPU.Build.0 = Debug|Any CPU
		{8393D1AA-5A75-4A3D-86A6-2201D9B8629A}.Release|Any CPU.ActiveCfg = Release|Any CPU
		{8393D1AA-5A75-4A3D-86A6-2201D9B8629A}.Release|Any CPU.Build.0 = Release|Any CPU
	EndGlobalSection
	GlobalSection(SolutionProperties) = preSolution
		HideSolutionNode = FALSE
	EndGlobalSection
	GlobalSection(ExtensibilityGlobals) = postSolution
		SolutionGuid = {0876FBA5-F76D-4600-AA6F-25116F6C492B}
	EndGlobalSection
EndGlobal
