
Microsoft Visual Studio Solution File, Format Version 12.00
# Visual Studio Version 16
VisualStudioVersion = 16.0.32901.82
MinimumVisualStudioVersion = 10.0.40219.1
Project("{FAE04EC0-301F-11D3-BF4B-00C04F79EFBC}") = "While-EscExitsAndEnterTakes", "While-EscExitsAndEnterTakes.csproj", "{54DE8A77-A2B3-4A0E-90AE-4FF12EA8FD93}"
EndProject
Global
	GlobalSection(SolutionConfigurationPlatforms) = preSolution
		Debug|Any CPU = Debug|Any CPU
		Release|Any CPU = Release|Any CPU
	EndGlobalSection
	GlobalSection(ProjectConfigurationPlatforms) = postSolution
		{54DE8A77-A2B3-4A0E-90AE-4FF12EA8FD93}.Debug|Any CPU.ActiveCfg = Debug|Any CPU
		{54DE8A77-A2B3-4A0E-90AE-4FF12EA8FD93}.Debug|Any CPU.Build.0 = Debug|Any CPU
		{54DE8A77-A2B3-4A0E-90AE-4FF12EA8FD93}.Release|Any CPU.ActiveCfg = Release|Any CPU
		{54DE8A77-A2B3-4A0E-90AE-4FF12EA8FD93}.Release|Any CPU.Build.0 = Release|Any CPU
	EndGlobalSection
	GlobalSection(SolutionProperties) = preSolution
		HideSolutionNode = FALSE
	EndGlobalSection
	GlobalSection(ExtensibilityGlobals) = postSolution
		SolutionGuid = {DAACACAE-7B97-44AE-9DB4-8D1ECCFDEA68}
	EndGlobalSection
EndGlobal
