
Microsoft Visual Studio Solution File, Format Version 12.00
# Visual Studio Version 16
VisualStudioVersion = 16.0.32901.82
MinimumVisualStudioVersion = 10.0.40219.1
Project("{FAE04EC0-301F-11D3-BF4B-00C04F79EFBC}") = "Random-CalcNumberAndFrequency", "Random-CalcNumberAndFrequency.csproj", "{109B3204-4841-4DE8-9689-1E16DA6DF40F}"
EndProject
Global
	GlobalSection(SolutionConfigurationPlatforms) = preSolution
		Debug|Any CPU = Debug|Any CPU
		Release|Any CPU = Release|Any CPU
	EndGlobalSection
	GlobalSection(ProjectConfigurationPlatforms) = postSolution
		{109B3204-4841-4DE8-9689-1E16DA6DF40F}.Debug|Any CPU.ActiveCfg = Debug|Any CPU
		{109B3204-4841-4DE8-9689-1E16DA6DF40F}.Debug|Any CPU.Build.0 = Debug|Any CPU
		{109B3204-4841-4DE8-9689-1E16DA6DF40F}.Release|Any CPU.ActiveCfg = Release|Any CPU
		{109B3204-4841-4DE8-9689-1E16DA6DF40F}.Release|Any CPU.Build.0 = Release|Any CPU
	EndGlobalSection
	GlobalSection(SolutionProperties) = preSolution
		HideSolutionNode = FALSE
	EndGlobalSection
	GlobalSection(ExtensibilityGlobals) = postSolution
		SolutionGuid = {3B20D5BD-F3C5-412E-93B9-4760B91B6236}
	EndGlobalSection
EndGlobal
