
Microsoft Visual Studio Solution File, Format Version 12.00
# Visual Studio Version 16
VisualStudioVersion = 16.0.32901.82
MinimumVisualStudioVersion = 10.0.40219.1
Project("{FAE04EC0-301F-11D3-BF4B-00C04F79EFBC}") = "Operator", "Operator.csproj", "{3889D56F-CA72-4A25-B49F-6857CFEA3D07}"
EndProject
Global
	GlobalSection(SolutionConfigurationPlatforms) = preSolution
		Debug|Any CPU = Debug|Any CPU
		Release|Any CPU = Release|Any CPU
	EndGlobalSection
	GlobalSection(ProjectConfigurationPlatforms) = postSolution
		{3889D56F-CA72-4A25-B49F-6857CFEA3D07}.Debug|Any CPU.ActiveCfg = Debug|Any CPU
		{3889D56F-CA72-4A25-B49F-6857CFEA3D07}.Debug|Any CPU.Build.0 = Debug|Any CPU
		{3889D56F-CA72-4A25-B49F-6857CFEA3D07}.Release|Any CPU.ActiveCfg = Release|Any CPU
		{3889D56F-CA72-4A25-B49F-6857CFEA3D07}.Release|Any CPU.Build.0 = Release|Any CPU
	EndGlobalSection
	GlobalSection(SolutionProperties) = preSolution
		HideSolutionNode = FALSE
	EndGlobalSection
	GlobalSection(ExtensibilityGlobals) = postSolution
		SolutionGuid = {45D792CB-0F60-4A85-8AEE-A55EF2DB0A96}
	EndGlobalSection
EndGlobal
