
Microsoft Visual Studio Solution File, Format Version 12.00
# Visual Studio Version 16
VisualStudioVersion = 16.0.32901.82
MinimumVisualStudioVersion = 10.0.40219.1
Project("{FAE04EC0-301F-11D3-BF4B-00C04F79EFBC}") = "DoWhile-ExitWithEsc", "DoWhile-ExitWithEsc.csproj", "{651DF95F-14D7-47A9-BE5D-6ACAE34F6251}"
EndProject
Global
	GlobalSection(SolutionConfigurationPlatforms) = preSolution
		Debug|Any CPU = Debug|Any CPU
		Release|Any CPU = Release|Any CPU
	EndGlobalSection
	GlobalSection(ProjectConfigurationPlatforms) = postSolution
		{651DF95F-14D7-47A9-BE5D-6ACAE34F6251}.Debug|Any CPU.ActiveCfg = Debug|Any CPU
		{651DF95F-14D7-47A9-BE5D-6ACAE34F6251}.Debug|Any CPU.Build.0 = Debug|Any CPU
		{651DF95F-14D7-47A9-BE5D-6ACAE34F6251}.Release|Any CPU.ActiveCfg = Release|Any CPU
		{651DF95F-14D7-47A9-BE5D-6ACAE34F6251}.Release|Any CPU.Build.0 = Release|Any CPU
	EndGlobalSection
	GlobalSection(SolutionProperties) = preSolution
		HideSolutionNode = FALSE
	EndGlobalSection
	GlobalSection(ExtensibilityGlobals) = postSolution
		SolutionGuid = {F179873C-4D3D-4DFE-BBC7-D7170EC6C17F}
	EndGlobalSection
EndGlobal
