
Microsoft Visual Studio Solution File, Format Version 12.00
# Visual Studio Version 16
VisualStudioVersion = 16.0.32901.82
MinimumVisualStudioVersion = 10.0.40219.1
Project("{FAE04EC0-301F-11D3-BF4B-00C04F79EFBC}") = "LinkedList-CreatingClass", "LinkedList-CreatingClass.csproj", "{14B1A72C-0F1B-413E-9695-5129AC99ACF8}"
EndProject
Global
	GlobalSection(SolutionConfigurationPlatforms) = preSolution
		Debug|Any CPU = Debug|Any CPU
		Release|Any CPU = Release|Any CPU
	EndGlobalSection
	GlobalSection(ProjectConfigurationPlatforms) = postSolution
		{14B1A72C-0F1B-413E-9695-5129AC99ACF8}.Debug|Any CPU.ActiveCfg = Debug|Any CPU
		{14B1A72C-0F1B-413E-9695-5129AC99ACF8}.Debug|Any CPU.Build.0 = Debug|Any CPU
		{14B1A72C-0F1B-413E-9695-5129AC99ACF8}.Release|Any CPU.ActiveCfg = Release|Any CPU
		{14B1A72C-0F1B-413E-9695-5129AC99ACF8}.Release|Any CPU.Build.0 = Release|Any CPU
	EndGlobalSection
	GlobalSection(SolutionProperties) = preSolution
		HideSolutionNode = FALSE
	EndGlobalSection
	GlobalSection(ExtensibilityGlobals) = postSolution
		SolutionGuid = {90DCF306-755C-4F9F-B620-4481A370884F}
	EndGlobalSection
EndGlobal
