
Microsoft Visual Studio Solution File, Format Version 12.00
# Visual Studio Version 16
VisualStudioVersion = 16.0.32901.82
MinimumVisualStudioVersion = 10.0.40219.1
Project("{FAE04EC0-301F-11D3-BF4B-00C04F79EFBC}") = "Short-Ushort-Uint-Long-Decimal", "Short-Ushort-Uint-Long-Decimal.csproj", "{960C02D4-67D4-4289-A735-620AC2A8295D}"
EndProject
Global
	GlobalSection(SolutionConfigurationPlatforms) = preSolution
		Debug|Any CPU = Debug|Any CPU
		Release|Any CPU = Release|Any CPU
	EndGlobalSection
	GlobalSection(ProjectConfigurationPlatforms) = postSolution
		{960C02D4-67D4-4289-A735-620AC2A8295D}.Debug|Any CPU.ActiveCfg = Debug|Any CPU
		{960C02D4-67D4-4289-A735-620AC2A8295D}.Debug|Any CPU.Build.0 = Debug|Any CPU
		{960C02D4-67D4-4289-A735-620AC2A8295D}.Release|Any CPU.ActiveCfg = Release|Any CPU
		{960C02D4-67D4-4289-A735-620AC2A8295D}.Release|Any CPU.Build.0 = Release|Any CPU
	EndGlobalSection
	GlobalSection(SolutionProperties) = preSolution
		HideSolutionNode = FALSE
	EndGlobalSection
	GlobalSection(ExtensibilityGlobals) = postSolution
		SolutionGuid = {7C458786-ACE4-49CF-A5F1-EC7E28A7FDBF}
	EndGlobalSection
EndGlobal
