
Microsoft Visual Studio Solution File, Format Version 12.00
# Visual Studio Version 16
VisualStudioVersion = 16.0.32901.82
MinimumVisualStudioVersion = 10.0.40219.1
Project("{FAE04EC0-301F-11D3-BF4B-00C04F79EFBC}") = "CalculatingRootsOf2ndDegreeEquation", "CalculatingRootsOf2ndDegreeEquation.csproj", "{8D928C8D-0242-44A1-B003-DF8D83DC4DCF}"
EndProject
Global
	GlobalSection(SolutionConfigurationPlatforms) = preSolution
		Debug|Any CPU = Debug|Any CPU
		Release|Any CPU = Release|Any CPU
	EndGlobalSection
	GlobalSection(ProjectConfigurationPlatforms) = postSolution
		{8D928C8D-0242-44A1-B003-DF8D83DC4DCF}.Debug|Any CPU.ActiveCfg = Debug|Any CPU
		{8D928C8D-0242-44A1-B003-DF8D83DC4DCF}.Debug|Any CPU.Build.0 = Debug|Any CPU
		{8D928C8D-0242-44A1-B003-DF8D83DC4DCF}.Release|Any CPU.ActiveCfg = Release|Any CPU
		{8D928C8D-0242-44A1-B003-DF8D83DC4DCF}.Release|Any CPU.Build.0 = Release|Any CPU
	EndGlobalSection
	GlobalSection(SolutionProperties) = preSolution
		HideSolutionNode = FALSE
	EndGlobalSection
	GlobalSection(ExtensibilityGlobals) = postSolution
		SolutionGuid = {BB1C5211-3725-40B1-AECA-04DF7803B50A}
	EndGlobalSection
EndGlobal
