
Microsoft Visual Studio Solution File, Format Version 12.00
# Visual Studio Version 16
VisualStudioVersion = 16.0.32901.82
MinimumVisualStudioVersion = 10.0.40219.1
Project("{FAE04EC0-301F-11D3-BF4B-00C04F79EFBC}") = "Bool-Typeof-Sizeof-Byte-Sbyte", "Bool-Typeof-Sizeof-Byte-Sbyte.csproj", "{76BB7EC4-E33F-4636-87EF-4649474F27E4}"
EndProject
Global
	GlobalSection(SolutionConfigurationPlatforms) = preSolution
		Debug|Any CPU = Debug|Any CPU
		Release|Any CPU = Release|Any CPU
	EndGlobalSection
	GlobalSection(ProjectConfigurationPlatforms) = postSolution
		{76BB7EC4-E33F-4636-87EF-4649474F27E4}.Debug|Any CPU.ActiveCfg = Debug|Any CPU
		{76BB7EC4-E33F-4636-87EF-4649474F27E4}.Debug|Any CPU.Build.0 = Debug|Any CPU
		{76BB7EC4-E33F-4636-87EF-4649474F27E4}.Release|Any CPU.ActiveCfg = Release|Any CPU
		{76BB7EC4-E33F-4636-87EF-4649474F27E4}.Release|Any CPU.Build.0 = Release|Any CPU
	EndGlobalSection
	GlobalSection(SolutionProperties) = preSolution
		HideSolutionNode = FALSE
	EndGlobalSection
	GlobalSection(ExtensibilityGlobals) = postSolution
		SolutionGuid = {68D9DE08-F1C9-45FC-B6F2-CA37AB71843E}
	EndGlobalSection
EndGlobal
