
Microsoft Visual Studio Solution File, Format Version 12.00
# Visual Studio Version 16
VisualStudioVersion = 16.0.32901.82
MinimumVisualStudioVersion = 10.0.40219.1
Project("{FAE04EC0-301F-11D3-BF4B-00C04F79EFBC}") = "ShowTextUsingMethods", "ShowTextUsingMethods.csproj", "{0793CEFB-663A-4515-A600-5169C9A372AB}"
EndProject
Global
	GlobalSection(SolutionConfigurationPlatforms) = preSolution
		Debug|Any CPU = Debug|Any CPU
		Release|Any CPU = Release|Any CPU
	EndGlobalSection
	GlobalSection(ProjectConfigurationPlatforms) = postSolution
		{0793CEFB-663A-4515-A600-5169C9A372AB}.Debug|Any CPU.ActiveCfg = Debug|Any CPU
		{0793CEFB-663A-4515-A600-5169C9A372AB}.Debug|Any CPU.Build.0 = Debug|Any CPU
		{0793CEFB-663A-4515-A600-5169C9A372AB}.Release|Any CPU.ActiveCfg = Release|Any CPU
		{0793CEFB-663A-4515-A600-5169C9A372AB}.Release|Any CPU.Build.0 = Release|Any CPU
	EndGlobalSection
	GlobalSection(SolutionProperties) = preSolution
		HideSolutionNode = FALSE
	EndGlobalSection
	GlobalSection(ExtensibilityGlobals) = postSolution
		SolutionGuid = {8BF08AC5-34C0-406E-B172-73152D04ABE3}
	EndGlobalSection
EndGlobal
