
Microsoft Visual Studio Solution File, Format Version 12.00
# Visual Studio Version 16
VisualStudioVersion = 16.0.32901.82
MinimumVisualStudioVersion = 10.0.40219.1
Project("{FAE04EC0-301F-11D3-BF4B-00C04F79EFBC}") = "For-EnterNumberInArguman", "For-EnterNumberInArguman.csproj", "{24119EDC-EDFD-446F-AFE7-09403653EF4E}"
EndProject
Global
	GlobalSection(SolutionConfigurationPlatforms) = preSolution
		Debug|Any CPU = Debug|Any CPU
		Release|Any CPU = Release|Any CPU
	EndGlobalSection
	GlobalSection(ProjectConfigurationPlatforms) = postSolution
		{24119EDC-EDFD-446F-AFE7-09403653EF4E}.Debug|Any CPU.ActiveCfg = Debug|Any CPU
		{24119EDC-EDFD-446F-AFE7-09403653EF4E}.Debug|Any CPU.Build.0 = Debug|Any CPU
		{24119EDC-EDFD-446F-AFE7-09403653EF4E}.Release|Any CPU.ActiveCfg = Release|Any CPU
		{24119EDC-EDFD-446F-AFE7-09403653EF4E}.Release|Any CPU.Build.0 = Release|Any CPU
	EndGlobalSection
	GlobalSection(SolutionProperties) = preSolution
		HideSolutionNode = FALSE
	EndGlobalSection
	GlobalSection(ExtensibilityGlobals) = postSolution
		SolutionGuid = {CD605186-CC07-4FF4-BEDB-5AE0BA1C892E}
	EndGlobalSection
EndGlobal
