
Microsoft Visual Studio Solution File, Format Version 12.00
# Visual Studio Version 16
VisualStudioVersion = 16.0.32901.82
MinimumVisualStudioVersion = 10.0.40219.1
Project("{FAE04EC0-301F-11D3-BF4B-00C04F79EFBC}") = "BinaryTree-CreatingClass", "BinaryTree-CreatingClass.csproj", "{B7CCC89F-0B54-4A87-83BE-7755789BE6ED}"
EndProject
Global
	GlobalSection(SolutionConfigurationPlatforms) = preSolution
		Debug|Any CPU = Debug|Any CPU
		Release|Any CPU = Release|Any CPU
	EndGlobalSection
	GlobalSection(ProjectConfigurationPlatforms) = postSolution
		{B7CCC89F-0B54-4A87-83BE-7755789BE6ED}.Debug|Any CPU.ActiveCfg = Debug|Any CPU
		{B7CCC89F-0B54-4A87-83BE-7755789BE6ED}.Debug|Any CPU.Build.0 = Debug|Any CPU
		{B7CCC89F-0B54-4A87-83BE-7755789BE6ED}.Release|Any CPU.ActiveCfg = Release|Any CPU
		{B7CCC89F-0B54-4A87-83BE-7755789BE6ED}.Release|Any CPU.Build.0 = Release|Any CPU
	EndGlobalSection
	GlobalSection(SolutionProperties) = preSolution
		HideSolutionNode = FALSE
	EndGlobalSection
	GlobalSection(ExtensibilityGlobals) = postSolution
		SolutionGuid = {1959A2C9-E188-477F-960C-69742A1B2661}
	EndGlobalSection
EndGlobal
